{
  "name": "e2s-team-5",
  "lockfileVersion": 3,
  "requires": true,
  "packages": {
    "": {
      "dependencies": {
        "@syncfusion/ej2-react-charts": "^20.3.60",
        "google-maps-react": "^2.0.6"
      }
    },
    "node_modules/@syncfusion/ej2-base": {
      "version": "20.3.56",
      "resolved": "https://registry.npmjs.org/@syncfusion/ej2-base/-/ej2-base-20.3.56.tgz",
      "integrity": "sha512-BeXX3XBOs1kv9/rki9f1kPuLbNJU06kJE8o0jLY62fEd/U5k2KkuG5Z/WbWHJIuQVH5dv57ZM2Adl3rG+vkvjg==",
      "dependencies": {
        "@syncfusion/ej2-icons": "~20.3.56"
      },
      "bin": {
        "syncfusion-license": "bin/syncfusion-license.js"
      }
    },
    "node_modules/@syncfusion/ej2-buttons": {
      "version": "20.3.58",
      "resolved": "https://registry.npmjs.org/@syncfusion/ej2-buttons/-/ej2-buttons-20.3.58.tgz",
      "integrity": "sha512-FfCdxr+2UD4TaznJu9389g6G9HNzakwq/gTiwyckNSUrMdSSDHLCqIv591HXV+XGoGNJ7Svmhj8kfHv3xoEuVQ==",
      "dependencies": {
        "@syncfusion/ej2-base": "~20.3.56"
      }
    },
    "node_modules/@syncfusion/ej2-calendars": {
      "version": "20.3.59",
      "resolved": "https://registry.npmjs.org/@syncfusion/ej2-calendars/-/ej2-calendars-20.3.59.tgz",
      "integrity": "sha512-qbvW2gUQtHaJP1JGq8KSW8juQYvYCph/DccWsTo0tzxXzdpV43Rqa4NTV1vQ3YbKU45BOr04aPwxepv5ELoRZQ==",
      "dependencies": {
        "@syncfusion/ej2-base": "~20.3.56",
        "@syncfusion/ej2-buttons": "~20.3.58",
        "@syncfusion/ej2-inputs": "~20.3.57",
        "@syncfusion/ej2-lists": "~20.3.56",
        "@syncfusion/ej2-popups": "~20.3.59"
      }
    },
    "node_modules/@syncfusion/ej2-charts": {
      "version": "20.3.60",
      "resolved": "https://registry.npmjs.org/@syncfusion/ej2-charts/-/ej2-charts-20.3.60.tgz",
      "integrity": "sha512-fKYh8PocOtZAlThcQshDg5G1cHz4io8Q9YWJzV5KlW8Sw6izja53BsZcskEuZyPEOHz65SyOmrEobN5KEJMDSA==",
      "dependencies": {
        "@syncfusion/ej2-base": "~20.3.56",
        "@syncfusion/ej2-calendars": "~20.3.59",
        "@syncfusion/ej2-compression": "~20.3.56",
        "@syncfusion/ej2-data": "~20.3.60",
        "@syncfusion/ej2-file-utils": "~20.3.56",
        "@syncfusion/ej2-navigations": "~20.3.60",
        "@syncfusion/ej2-pdf-export": "~20.3.56",
        "@syncfusion/ej2-svg-base": "~20.3.56"
      }
    },
    "node_modules/@syncfusion/ej2-compression": {
      "version": "20.3.56",
      "resolved": "https://registry.npmjs.org/@syncfusion/ej2-compression/-/ej2-compression-20.3.56.tgz",
      "integrity": "sha512-w/GAcaUlYhwwIpMCHG2p77vacM3FHYJP6Gy0Ha0lzkt2e30/aukeJO4MQUxViZLAe9lBYQnuIsWqSvZbZaa4BA==",
      "dependencies": {
        "@syncfusion/ej2-file-utils": "~20.3.56"
      }
    },
    "node_modules/@syncfusion/ej2-data": {
      "version": "20.3.60",
      "resolved": "https://registry.npmjs.org/@syncfusion/ej2-data/-/ej2-data-20.3.60.tgz",
      "integrity": "sha512-cbs5UnLENJOApNPRulS4HSkVZFND0RQ0SjzQ2YsHe7FyKNQAqZcZbigOZwn5DUidZ0jCQOHXqP8f50g6wE9IvA==",
      "dependencies": {
        "@syncfusion/ej2-base": "~20.3.56"
      }
    },
    "node_modules/@syncfusion/ej2-file-utils": {
      "version": "20.3.56",
      "resolved": "https://registry.npmjs.org/@syncfusion/ej2-file-utils/-/ej2-file-utils-20.3.56.tgz",
      "integrity": "sha512-nyRfXfsdyP7XqWLGcqUSZI8oKZts4iYXZm8qLzyTN0jrJOcPqX3xVtVAFOpnaXo5IuT8/VOPyr7bt/CI0Yf2lg=="
    },
    "node_modules/@syncfusion/ej2-icons": {
      "version": "20.3.56",
      "resolved": "https://registry.npmjs.org/@syncfusion/ej2-icons/-/ej2-icons-20.3.56.tgz",
      "integrity": "sha512-sv5y/J85PZU8fmFNG1b5ftLroQHFicTKcfKo0oy72KSKxdLZ3xd1pjMS9/5m5z609doksIbFltlisO0buhzflA=="
    },
    "node_modules/@syncfusion/ej2-inputs": {
      "version": "20.3.57",
      "resolved": "https://registry.npmjs.org/@syncfusion/ej2-inputs/-/ej2-inputs-20.3.57.tgz",
      "integrity": "sha512-klzpmszCw1PxIc5HtqRxliNB53G4w9ac1Roo6+jzzgiTjgzM0ZTUrteJlicQLwHGWXzKD0qvtEF/lvqFhqJ9eQ==",
      "dependencies": {
        "@syncfusion/ej2-base": "~20.3.56",
        "@syncfusion/ej2-buttons": "~20.3.57",
        "@syncfusion/ej2-popups": "~20.3.57",
        "@syncfusion/ej2-splitbuttons": "~20.3.56"
      }
    },
    "node_modules/@syncfusion/ej2-lists": {
      "version": "20.3.56",
      "resolved": "https://registry.npmjs.org/@syncfusion/ej2-lists/-/ej2-lists-20.3.56.tgz",
      "integrity": "sha512-I7BizR/RANyxzwSV+tuJMwN5sK2GHi7tOZpiaIGE8b5sm6ygffR9cIniomDvt4lz4JhmBeBrTpzJbpj4XjbCFQ==",
      "dependencies": {
        "@syncfusion/ej2-base": "~20.3.56",
        "@syncfusion/ej2-buttons": "~20.3.56",
        "@syncfusion/ej2-data": "~20.3.56"
      }
    },
    "node_modules/@syncfusion/ej2-navigations": {
      "version": "20.3.60",
      "resolved": "https://registry.npmjs.org/@syncfusion/ej2-navigations/-/ej2-navigations-20.3.60.tgz",
      "integrity": "sha512-yM6tjnhogfG6XdjARHEzDGlQrUT5mJr8+4wyv5skrkJfOsdcjPVy13lobkXpd6EtefFfOmM7wXKMQc2FTKUrpw==",
      "dependencies": {
        "@syncfusion/ej2-base": "~20.3.56",
        "@syncfusion/ej2-buttons": "~20.3.58",
        "@syncfusion/ej2-data": "~20.3.60",
        "@syncfusion/ej2-inputs": "~20.3.57",
        "@syncfusion/ej2-lists": "~20.3.56",
        "@syncfusion/ej2-popups": "~20.3.60"
      }
    },
    "node_modules/@syncfusion/ej2-pdf-export": {
      "version": "20.3.56",
      "resolved": "https://registry.npmjs.org/@syncfusion/ej2-pdf-export/-/ej2-pdf-export-20.3.56.tgz",
      "integrity": "sha512-a++Wq8rfjfh/4ull8X9w1mrxcHamzPJ6JcBNfmDJbjl+/8NOD9YpsBOByGXSySYFcQJhN/Ii8PTEqEs6sg6YiQ==",
      "dependencies": {
        "@syncfusion/ej2-compression": "~20.3.56"
      }
    },
    "node_modules/@syncfusion/ej2-popups": {
      "version": "20.3.60",
      "resolved": "https://registry.npmjs.org/@syncfusion/ej2-popups/-/ej2-popups-20.3.60.tgz",
      "integrity": "sha512-nfvRAOFNY8SL9nmyCoCr6oALZJdTdzDxOZs3pZn4Q5mq67hKj1+tS2aJisiV8OBJ/TFMXh+YblaVyXL710waLg==",
      "dependencies": {
        "@syncfusion/ej2-base": "~20.3.56",
        "@syncfusion/ej2-buttons": "~20.3.58"
      }
    },
    "node_modules/@syncfusion/ej2-react-base": {
      "version": "20.3.56",
      "resolved": "https://registry.npmjs.org/@syncfusion/ej2-react-base/-/ej2-react-base-20.3.56.tgz",
      "integrity": "sha512-8QuQbbjjodEyMjhrWg4GthOJXMpyLMdr37oKqo6Wd3L4UzWO0T5fLquII4HLyTSzeeRESWn7ByJWGEOxYycHmQ==",
      "dependencies": {
        "@syncfusion/ej2-base": "~20.3.56"
      }
    },
    "node_modules/@syncfusion/ej2-react-charts": {
      "version": "20.3.60",
      "resolved": "https://registry.npmjs.org/@syncfusion/ej2-react-charts/-/ej2-react-charts-20.3.60.tgz",
      "integrity": "sha512-6pEAyzQqXyfye4eRw8QxEx38d/jIfoeGKOQZposkR0YqirL6jDpXK1ZQdz/eJGHOP2goPW9wbPsLP4ugTMywXg==",
      "dependencies": {
        "@syncfusion/ej2-base": "~20.3.56",
        "@syncfusion/ej2-charts": "20.3.60",
        "@syncfusion/ej2-react-base": "~20.3.56"
      }
    },
    "node_modules/@syncfusion/ej2-splitbuttons": {
      "version": "20.3.56",
      "resolved": "https://registry.npmjs.org/@syncfusion/ej2-splitbuttons/-/ej2-splitbuttons-20.3.56.tgz",
      "integrity": "sha512-z0/j4CAaKu4YM3ggtcWm6ZDQjuE+wKp7sbC8iAXp1OM0WWrOYpB//SB5qV4jVuXajcsrImBlmrYsKR/XPt4Cuw==",
      "dependencies": {
        "@syncfusion/ej2-base": "~20.3.56",
        "@syncfusion/ej2-popups": "~20.3.56"
      }
    },
    "node_modules/@syncfusion/ej2-svg-base": {
      "version": "20.3.56",
      "resolved": "https://registry.npmjs.org/@syncfusion/ej2-svg-base/-/ej2-svg-base-20.3.56.tgz",
      "integrity": "sha512-r3qsk/zNP9Btv9qqn+sGenV8qSJLdxcYTqh0Djxk6dnPvFhsYXX45+FDMr9HB73tuqJP8dbBkXGH3dGSke6c/g==",
      "dependencies": {
        "@syncfusion/ej2-base": "~20.3.56"
      }
    },
    "node_modules/google-maps-react": {
      "version": "2.0.6",
      "resolved": "https://registry.npmjs.org/google-maps-react/-/google-maps-react-2.0.6.tgz",
      "integrity": "sha512-M8Eo9WndfQEfxcmm6yRq03qdJgw1x6rQmJ9DN+a+xPQ3K7yNDGkVDbinrf4/8vcox7nELbeopbm4bpefKewWfQ==",
      "peerDependencies": {
        "react": "~0.14.8 || ^15.0.0 || ^16.0.0",
        "react-dom": "~0.14.8 || ^15.0.0 || ^16.0.0"
      }
    },
    "node_modules/js-tokens": {
      "version": "4.0.0",
      "resolved": "https://registry.npmjs.org/js-tokens/-/js-tokens-4.0.0.tgz",
      "integrity": "sha512-RdJUflcE3cUzKiMqQgsCu06FPu9UdIJO0beYbPhHN4k6apgJtifcoCtT9bcxOpYBtpD2kCM6Sbzg4CausW/PKQ==",
      "peer": true
    },
    "node_modules/loose-envify": {
      "version": "1.4.0",
      "resolved": "https://registry.npmjs.org/loose-envify/-/loose-envify-1.4.0.tgz",
      "integrity": "sha512-lyuxPGr/Wfhrlem2CL/UcnUc1zcqKAImBDzukY7Y5F/yQiNdko6+fRLevlw1HgMySw7f611UIY408EtxRSoK3Q==",
      "peer": true,
      "dependencies": {
        "js-tokens": "^3.0.0 || ^4.0.0"
      },
      "bin": {
        "loose-envify": "cli.js"
      }
    },
    "node_modules/object-assign": {
      "version": "4.1.1",
      "resolved": "https://registry.npmjs.org/object-assign/-/object-assign-4.1.1.tgz",
      "integrity": "sha512-rJgTQnkUnH1sFw8yT6VSU3zD3sWmu6sZhIseY8VX+GRu3P6F7Fu+JNDoXfklElbLJSnc3FUQHVe4cU5hj+BcUg==",
      "peer": true,
      "engines": {
        "node": ">=0.10.0"
      }
    },
    "node_modules/prop-types": {
      "version": "15.8.1",
      "resolved": "https://registry.npmjs.org/prop-types/-/prop-types-15.8.1.tgz",
      "integrity": "sha512-oj87CgZICdulUohogVAR7AjlC0327U4el4L6eAvOqCeudMDVU0NThNaV+b9Df4dXgSP1gXMTnPdhfe/2qDH5cg==",
      "peer": true,
      "dependencies": {
        "loose-envify": "^1.4.0",
        "object-assign": "^4.1.1",
        "react-is": "^16.13.1"
      }
    },
    "node_modules/react": {
      "version": "16.14.0",
      "resolved": "https://registry.npmjs.org/react/-/react-16.14.0.tgz",
      "integrity": "sha512-0X2CImDkJGApiAlcf0ODKIneSwBPhqJawOa5wCtKbu7ZECrmS26NvtSILynQ66cgkT/RJ4LidJOc3bUESwmU8g==",
      "peer": true,
      "dependencies": {
        "loose-envify": "^1.1.0",
        "object-assign": "^4.1.1",
        "prop-types": "^15.6.2"
      },
      "engines": {
        "node": ">=0.10.0"
      }
    },
    "node_modules/react-dom": {
      "version": "16.14.0",
      "resolved": "https://registry.npmjs.org/react-dom/-/react-dom-16.14.0.tgz",
      "integrity": "sha512-1gCeQXDLoIqMgqD3IO2Ah9bnf0w9kzhwN5q4FGnHZ67hBm9yePzB5JJAIQCc8x3pFnNlwFq4RidZggNAAkzWWw==",
      "peer": true,
      "dependencies": {
        "loose-envify": "^1.1.0",
        "object-assign": "^4.1.1",
        "prop-types": "^15.6.2",
        "scheduler": "^0.19.1"
      },
      "peerDependencies": {
        "react": "^16.14.0"
      }
    },
    "node_modules/react-is": {
      "version": "16.13.1",
      "resolved": "https://registry.npmjs.org/react-is/-/react-is-16.13.1.tgz",
      "integrity": "sha512-24e6ynE2H+OKt4kqsOvNd8kBpV65zoxbA4BVsEOB3ARVWQki/DHzaUoC5KuON/BiccDaCCTZBuOcfZs70kR8bQ==",
      "peer": true
    },
    "node_modules/scheduler": {
      "version": "0.19.1",
      "resolved": "https://registry.npmjs.org/scheduler/-/scheduler-0.19.1.tgz",
      "integrity": "sha512-n/zwRWRYSUj0/3g/otKDRPMh6qv2SYMWNq85IEa8iZyAv8od9zDYpGSnpBEjNgcMNq6Scbu5KfIPxNF72R/2EA==",
      "peer": true,
      "dependencies": {
        "loose-envify": "^1.1.0",
        "object-assign": "^4.1.1"
      }
    }
  }
}
